// !$*UTF8*$!
{
	archiveVersion = 1;
	classes = {
	};
	objectVersion = 50;
	objects = {

/* Begin PBXBuildFile section */
		A46436F2244043EE00B025CF /* AppDelegate.swift in Sources */ = {isa = PBXBuildFile; fileRef = A46436F1244043EE00B025CF /* AppDelegate.swift */; };
		A46436F8244043EE00B025CF /* GameScene.swift in Sources */ = {isa = PBXBuildFile; fileRef = A46436F7244043EE00B025CF /* GameScene.swift */; };
		A46436FA244043EE00B025CF /* GameViewController.swift in Sources */ = {isa = PBXBuildFile; fileRef = A46436F9244043EE00B025CF /* GameViewController.swift */; };
		A46436FD244043EE00B025CF /* Main.storyboard in Resources */ = {isa = PBXBuildFile; fileRef = A46436FB244043EE00B025CF /* Main.storyboard */; };
		A46436FF244043EF00B025CF /* Assets.xcassets in Resources */ = {isa = PBXBuildFile; fileRef = A46436FE244043EF00B025CF /* Assets.xcassets */; };
		A4643702244043EF00B025CF /* LaunchScreen.storyboard in Resources */ = {isa = PBXBuildFile; fileRef = A4643700244043EF00B025CF /* LaunchScreen.storyboard */; };
		A464370C24405E8D00B025CF /* MenuScene.sks in Resources */ = {isa = PBXBuildFile; fileRef = A464370B24405E8D00B025CF /* MenuScene.sks */; };
		A464370E2440624700B025CF /* MenuScene.swift in Sources */ = {isa = PBXBuildFile; fileRef = A464370D2440624700B025CF /* MenuScene.swift */; };
		A464371624406AB800B025CF /* VariablesGameScene.swift in Sources */ = {isa = PBXBuildFile; fileRef = A464371524406AB800B025CF /* VariablesGameScene.swift */; };
		A464371A244071CB00B025CF /* snow.sks in Resources */ = {isa = PBXBuildFile; fileRef = A4643719244071CB00B025CF /* snow.sks */; };
		A464371C244072FA00B025CF /* spark.sks in Resources */ = {isa = PBXBuildFile; fileRef = A464371B244072FA00B025CF /* spark.sks */; };
		A464371F244077F400B025CF /* rain.sks in Resources */ = {isa = PBXBuildFile; fileRef = A464371D244077F400B025CF /* rain.sks */; };
		A4643720244077F400B025CF /* Assets.xcassets in Resources */ = {isa = PBXBuildFile; fileRef = A464371E244077F400B025CF /* Assets.xcassets */; };
		A464372224407ABC00B025CF /* bokeh.sks in Resources */ = {isa = PBXBuildFile; fileRef = A464372124407ABC00B025CF /* bokeh.sks */; };
		A4643724244085E800B025CF /* VariablesGameScene.sks in Resources */ = {isa = PBXBuildFile; fileRef = A4643723244085E800B025CF /* VariablesGameScene.sks */; };
		A4D8105A2441767700B8C7D1 /* marioCoin.mp3 in Resources */ = {isa = PBXBuildFile; fileRef = A4D810592441767700B8C7D1 /* marioCoin.mp3 */; };
/* End PBXBuildFile section */

/* Begin PBXFileReference section */
		A46436EE244043EE00B025CF /* Just Code.app */ = {isa = PBXFileReference; explicitFileType = wrapper.application; includeInIndex = 0; path = "Just Code.app"; sourceTree = BUILT_PRODUCTS_DIR; };
		A46436F1244043EE00B025CF /* AppDelegate.swift */ = {isa = PBXFileReference; lastKnownFileType = sourcecode.swift; path = AppDelegate.swift; sourceTree = "<group>"; };
		A46436F7244043EE00B025CF /* GameScene.swift */ = {isa = PBXFileReference; lastKnownFileType = sourcecode.swift; path = GameScene.swift; sourceTree = "<group>"; };
		A46436F9244043EE00B025CF /* GameViewController.swift */ = {isa = PBXFileReference; lastKnownFileType = sourcecode.swift; path = GameViewController.swift; sourceTree = "<group>"; };
		A46436FC244043EE00B025CF /* Base */ = {isa = PBXFileReference; lastKnownFileType = file.storyboard; name = Base; path = Base.lproj/Main.storyboard; sourceTree = "<group>"; };
		A46436FE244043EF00B025CF /* Assets.xcassets */ = {isa = PBXFileReference; lastKnownFileType = folder.assetcatalog; path = Assets.xcassets; sourceTree = "<group>"; };
		A4643701244043EF00B025CF /* Base */ = {isa = PBXFileReference; lastKnownFileType = file.storyboard; name = Base; path = Base.lproj/LaunchScreen.storyboard; sourceTree = "<group>"; };
		A4643703244043EF00B025CF /* Info.plist */ = {isa = PBXFileReference; lastKnownFileType = text.plist.xml; path = Info.plist; sourceTree = "<group>"; };
		A464370B24405E8D00B025CF /* MenuScene.sks */ = {isa = PBXFileReference; lastKnownFileType = file.sks; path = MenuScene.sks; sourceTree = "<group>"; };
		A464370D2440624700B025CF /* MenuScene.swift */ = {isa = PBXFileReference; lastKnownFileType = sourcecode.swift; path = MenuScene.swift; sourceTree = "<group>"; };
		A464371524406AB800B025CF /* VariablesGameScene.swift */ = {isa = PBXFileReference; lastKnownFileType = sourcecode.swift; path = VariablesGameScene.swift; sourceTree = "<group>"; };
		A4643719244071CB00B025CF /* snow.sks */ = {isa = PBXFileReference; lastKnownFileType = file.sks; path = snow.sks; sourceTree = "<group>"; };
		A464371B244072FA00B025CF /* spark.sks */ = {isa = PBXFileReference; lastKnownFileType = file.sks; path = spark.sks; sourceTree = "<group>"; };
		A464371D244077F400B025CF /* rain.sks */ = {isa = PBXFileReference; lastKnownFileType = file.sks; path = rain.sks; sourceTree = "<group>"; };
		A464371E244077F400B025CF /* Assets.xcassets */ = {isa = PBXFileReference; lastKnownFileType = folder.assetcatalog; path = Assets.xcassets; sourceTree = "<group>"; };
		A464372124407ABC00B025CF /* bokeh.sks */ = {isa = PBXFileReference; lastKnownFileType = file.sks; path = bokeh.sks; sourceTree = "<group>"; };
		A4643723244085E800B025CF /* VariablesGameScene.sks */ = {isa = PBXFileReference; lastKnownFileType = file.sks; path = VariablesGameScene.sks; sourceTree = "<group>"; };
		A4D810592441767700B8C7D1 /* marioCoin.mp3 */ = {isa = PBXFileReference; lastKnownFileType = audio.mp3; path = marioCoin.mp3; sourceTree = "<group>"; };
/* End PBXFileReference section */

/* Begin PBXFrameworksBuildPhase section */
		A46436EB244043EE00B025CF /* Frameworks */ = {
			isa = PBXFrameworksBuildPhase;
			buildActionMask = 2147483647;
			files = (
			);
			runOnlyForDeploymentPostprocessing = 0;
		};
/* End PBXFrameworksBuildPhase section */

/* Begin PBXGroup section */
		A46436E5244043EE00B025CF = {
			isa = PBXGroup;
			children = (
				A46436F0244043EE00B025CF /* Just Code */,
				A46436EF244043EE00B025CF /* Products */,
			);
			sourceTree = "<group>";
		};
		A46436EF244043EE00B025CF /* Products */ = {
			isa = PBXGroup;
			children = (
				A46436EE244043EE00B025CF /* Just Code.app */,
			);
			name = Products;
			sourceTree = "<group>";
		};
		A46436F0244043EE00B025CF /* Just Code */ = {
			isa = PBXGroup;
			children = (
				A464371224406A7A00B025CF /* Scenes */,
				A464370F2440627200B025CF /* Emitters */,
				A46436F1244043EE00B025CF /* AppDelegate.swift */,
				A46436F9244043EE00B025CF /* GameViewController.swift */,
				A46436FB244043EE00B025CF /* Main.storyboard */,
				A4D810592441767700B8C7D1 /* marioCoin.mp3 */,
				A46436FE244043EF00B025CF /* Assets.xcassets */,
				A4643700244043EF00B025CF /* LaunchScreen.storyboard */,
				A4643703244043EF00B025CF /* Info.plist */,
			);
			path = "Just Code";
			sourceTree = "<group>";
		};
		A464370F2440627200B025CF /* Emitters */ = {
			isa = PBXGroup;
			children = (
				A464372124407ABC00B025CF /* bokeh.sks */,
				A464371B244072FA00B025CF /* spark.sks */,
				A4643719244071CB00B025CF /* snow.sks */,
				A464371D244077F400B025CF /* rain.sks */,
				A464371E244077F400B025CF /* Assets.xcassets */,
			);
			path = Emitters;
			sourceTree = "<group>";
		};
		A464371224406A7A00B025CF /* Scenes */ = {
			isa = PBXGroup;
			children = (
				A46437182440711200B025CF /* VariablesGame */,
				A4643717244070FF00B025CF /* Menu */,
				A46436F7244043EE00B025CF /* GameScene.swift */,
			);
			path = Scenes;
			sourceTree = "<group>";
		};
		A4643717244070FF00B025CF /* Menu */ = {
			isa = PBXGroup;
			children = (
				A464370B24405E8D00B025CF /* MenuScene.sks */,
				A464370D2440624700B025CF /* MenuScene.swift */,
			);
			path = Menu;
			sourceTree = "<group>";
		};
		A46437182440711200B025CF /* VariablesGame */ = {
			isa = PBXGroup;
			children = (
				A464371524406AB800B025CF /* VariablesGameScene.swift */,
				A4643723244085E800B025CF /* VariablesGameScene.sks */,
			);
			path = VariablesGame;
			sourceTree = "<group>";
		};
/* End PBXGroup section */

/* Begin PBXNativeTarget section */
		A46436ED244043EE00B025CF /* Just Code */ = {
			isa = PBXNativeTarget;
			buildConfigurationList = A4643706244043EF00B025CF /* Build configuration list for PBXNativeTarget "Just Code" */;
			buildPhases = (
				A46436EA244043EE00B025CF /* Sources */,
				A46436EB244043EE00B025CF /* Frameworks */,
				A46436EC244043EE00B025CF /* Resources */,
			);
			buildRules = (
			);
			dependencies = (
			);
			name = "Just Code";
			productName = "Just Code";
			productReference = A46436EE244043EE00B025CF /* Just Code.app */;
			productType = "com.apple.product-type.application";
		};
/* End PBXNativeTarget section */

/* Begin PBXProject section */
		A46436E6244043EE00B025CF /* Project object */ = {
			isa = PBXProject;
			attributes = {
				LastSwiftUpdateCheck = 1130;
				LastUpgradeCheck = 1130;
				ORGANIZATIONNAME = CodeFun;
				TargetAttributes = {
					A46436ED244043EE00B025CF = {
						CreatedOnToolsVersion = 11.3.1;
					};
				};
			};
			buildConfigurationList = A46436E9244043EE00B025CF /* Build configuration list for PBXProject "Just Code" */;
			compatibilityVersion = "Xcode 9.3";
			developmentRegion = en;
			hasScannedForEncodings = 0;
			knownRegions = (
				en,
				Base,
			);
			mainGroup = A46436E5244043EE00B025CF;
			productRefGroup = A46436EF244043EE00B025CF /* Products */;
			projectDirPath = "";
			projectRoot = "";
			targets = (
				A46436ED244043EE00B025CF /* Just Code */,
			);
		};
/* End PBXProject section */

/* Begin PBXResourcesBuildPhase section */
		A46436EC244043EE00B025CF /* Resources */ = {
			isa = PBXResourcesBuildPhase;
			buildActionMask = 2147483647;
			files = (
				A46436FD244043EE00B025CF /* Main.storyboard in Resources */,
				A464371C244072FA00B025CF /* spark.sks in Resources */,
				A4D8105A2441767700B8C7D1 /* marioCoin.mp3 in Resources */,
				A464372224407ABC00B025CF /* bokeh.sks in Resources */,
				A46436FF244043EF00B025CF /* Assets.xcassets in Resources */,
				A464371A244071CB00B025CF /* snow.sks in Resources */,
				A4643702244043EF00B025CF /* LaunchScreen.storyboard in Resources */,
				A464371F244077F400B025CF /* rain.sks in Resources */,
				A4643720244077F400B025CF /* Assets.xcassets in Resources */,
				A4643724244085E800B025CF /* VariablesGameScene.sks in Resources */,
				A464370C24405E8D00B025CF /* MenuScene.sks in Resources */,
			);
			runOnlyForDeploymentPostprocessing = 0;
		};
/* End PBXResourcesBuildPhase section */

/* Begin PBXSourcesBuildPhase section */
		A46436EA244043EE00B025CF /* Sources */ = {
			isa = PBXSourcesBuildPhase;
			buildActionMask = 2147483647;
			files = (
				A46436F8244043EE00B025CF /* GameScene.swift in Sources */,
				A464370E2440624700B025CF /* MenuScene.swift in Sources */,
				A46436FA244043EE00B025CF /* GameViewController.swift in Sources */,
				A46436F2244043EE00B025CF /* AppDelegate.swift in Sources */,
				A464371624406AB800B025CF /* VariablesGameScene.swift in Sources */,
			);
			runOnlyForDeploymentPostprocessing = 0;
		};
/* End PBXSourcesBuildPhase section */

/* Begin PBXVariantGroup section */
		A46436FB244043EE00B025CF /* Main.storyboard */ = {
			isa = PBXVariantGroup;
			children = (
				A46436FC244043EE00B025CF /* Base */,
			);
			name = Main.storyboard;
			sourceTree = "<group>";
		};
		A4643700244043EF00B025CF /* LaunchScreen.storyboard */ = {
			isa = PBXVariantGroup;
			children = (
				A4643701244043EF00B025CF /* Base */,
			);
			name = LaunchScreen.storyboard;
			sourceTree = "<group>";
		};
/* End PBXVariantGroup section */

/* Begin XCBuildConfiguration section */
		A4643704244043EF00B025CF /* Debug */ = {
			isa = XCBuildConfiguration;
			buildSettings = {
				ALWAYS_SEARCH_USER_PATHS = NO;
				CLANG_ANALYZER_NONNULL = YES;
				CLANG_ANALYZER_NUMBER_OBJECT_CONVERSION = YES_AGGRESSIVE;
				CLANG_CXX_LANGUAGE_STANDARD = "gnu++14";
				CLANG_CXX_LIBRARY = "libc++";
				CLANG_ENABLE_MODULES = YES;
				CLANG_ENABLE_OBJC_ARC = YES;
				CLANG_ENABLE_OBJC_WEAK = YES;
				CLANG_WARN_BLOCK_CAPTURE_AUTORELEASING = YES;
				CLANG_WARN_BOOL_CONVERSION = YES;
				CLANG_WARN_COMMA = YES;
				CLANG_WARN_CONSTANT_CONVERSION = YES;
				CLANG_WARN_DEPRECATED_OBJC_IMPLEMENTATIONS = YES;
				CLANG_WARN_DIRECT_OBJC_ISA_USAGE = YES_ERROR;
				CLANG_WARN_DOCUMENTATION_COMMENTS = YES;
				CLANG_WARN_EMPTY_BODY = YES;
				CLANG_WARN_ENUM_CONVERSION = YES;
				CLANG_WARN_INFINITE_RECURSION = YES;
				CLANG_WARN_INT_CONVERSION = YES;
				CLANG_WARN_NON_LITERAL_NULL_CONVERSION = YES;
				CLANG_WARN_OBJC_IMPLICIT_RETAIN_SELF = YES;
				CLANG_WARN_OBJC_LITERAL_CONVERSION = YES;
				CLANG_WARN_OBJC_ROOT_CLASS = YES_ERROR;
				CLANG_WARN_RANGE_LOOP_ANALYSIS = YES;
				CLANG_WARN_STRICT_PROTOTYPES = YES;
				CLANG_WARN_SUSPICIOUS_MOVE = YES;
				CLANG_WARN_UNGUARDED_AVAILABILITY = YES_AGGRESSIVE;
				CLANG_WARN_UNREACHABLE_CODE = YES;
				CLANG_WARN__DUPLICATE_METHOD_MATCH = YES;
				COPY_PHASE_STRIP = NO;
				DEBUG_INFORMATION_FORMAT = dwarf;
				ENABLE_STRICT_OBJC_MSGSEND = YES;
				ENABLE_TESTABILITY = YES;
				GCC_C_LANGUAGE_STANDARD = gnu11;
				GCC_DYNAMIC_NO_PIC = NO;
				GCC_NO_COMMON_BLOCKS = YES;
				GCC_OPTIMIZATION_LEVEL = 0;
				GCC_PREPROCESSOR_DEFINITIONS = (
					"DEBUG=1",
					"$(inherited)",
				);
				GCC_WARN_64_TO_32_BIT_CONVERSION = YES;
				GCC_WARN_ABOUT_RETURN_TYPE = YES_ERROR;
				GCC_WARN_UNDECLARED_SELECTOR = YES;
				GCC_WARN_UNINITIALIZED_AUTOS = YES_AGGRESSIVE;
				GCC_WARN_UNUSED_FUNCTION = YES;
				GCC_WARN_UNUSED_VARIABLE = YES;
				IPHONEOS_DEPLOYMENT_TARGET = 13.2;
				MTL_ENABLE_DEBUG_INFO = INCLUDE_SOURCE;
				MTL_FAST_MATH = YES;
				ONLY_ACTIVE_ARCH = YES;
				SDKROOT = iphoneos;
				SWIFT_ACTIVE_COMPILATION_CONDITIONS = DEBUG;
				SWIFT_OPTIMIZATION_LEVEL = "-Onone";
			};
			name = Debug;
		};
		A4643705244043EF00B025CF /* Release */ = {
			isa = XCBuildConfiguration;
			buildSettings = {
				ALWAYS_SEARCH_USER_PATHS = NO;
				CLANG_ANALYZER_NONNULL = YES;
				CLANG_ANALYZER_NUMBER_OBJECT_CONVERSION = YES_AGGRESSIVE;
				CLANG_CXX_LANGUAGE_STANDARD = "gnu++14";
				CLANG_CXX_LIBRARY = "libc++";
				CLANG_ENABLE_MODULES = YES;
				CLANG_ENABLE_OBJC_ARC = YES;
				CLANG_ENABLE_OBJC_WEAK = YES;
				CLANG_WARN_BLOCK_CAPTURE_AUTORELEASING = YES;
				CLANG_WARN_BOOL_CONVERSION = YES;
				CLANG_WARN_COMMA = YES;
				CLANG_WARN_CONSTANT_CONVERSION = YES;
				CLANG_WARN_DEPRECATED_OBJC_IMPLEMENTATIONS = YES;
				CLANG_WARN_DIRECT_OBJC_ISA_USAGE = YES_ERROR;
				CLANG_WARN_DOCUMENTATION_COMMENTS = YES;
				CLANG_WARN_EMPTY_BODY = YES;
				CLANG_WARN_ENUM_CONVERSION = YES;
				CLANG_WARN_INFINITE_RECURSION = YES;
				CLANG_WARN_INT_CONVERSION = YES;
				CLANG_WARN_NON_LITERAL_NULL_CONVERSION = YES;
				CLANG_WARN_OBJC_IMPLICIT_RETAIN_SELF = YES;
				CLANG_WARN_OBJC_LITERAL_CONVERSION = YES;
				CLANG_WARN_OBJC_ROOT_CLASS = YES_ERROR;
				CLANG_WARN_RANGE_LOOP_ANALYSIS = YES;
				CLANG_WARN_STRICT_PROTOTYPES = YES;
				CLANG_WARN_SUSPICIOUS_MOVE = YES;
				CLANG_WARN_UNGUARDED_AVAILABILITY = YES_AGGRESSIVE;
				CLANG_WARN_UNREACHABLE_CODE = YES;
				CLANG_WARN__DUPLICATE_METHOD_MATCH = YES;
				COPY_PHASE_STRIP = NO;
				DEBUG_INFORMATION_FORMAT = "dwarf-with-dsym";
				ENABLE_NS_ASSERTIONS = NO;
				ENABLE_STRICT_OBJC_MSGSEND = YES;
				GCC_C_LANGUAGE_STANDARD = gnu11;
				GCC_NO_COMMON_BLOCKS = YES;
				GCC_WARN_64_TO_32_BIT_CONVERSION = YES;
				GCC_WARN_ABOUT_RETURN_TYPE = YES_ERROR;
				GCC_WARN_UNDECLARED_SELECTOR = YES;
				GCC_WARN_UNINITIALIZED_AUTOS = YES_AGGRESSIVE;
				GCC_WARN_UNUSED_FUNCTION = YES;
				GCC_WARN_UNUSED_VARIABLE = YES;
				IPHONEOS_DEPLOYMENT_TARGET = 13.2;
				MTL_ENABLE_DEBUG_INFO = NO;
				MTL_FAST_MATH = YES;
				SDKROOT = iphoneos;
				SWIFT_COMPILATION_MODE = wholemodule;
				SWIFT_OPTIMIZATION_LEVEL = "-O";
				VALIDATE_PRODUCT = YES;
			};
			name = Release;
		};
		A4643707244043EF00B025CF /* Debug */ = {
			isa = XCBuildConfiguration;
			buildSettings = {
				ASSETCATALOG_COMPILER_APPICON_NAME = AppIcon;
				CODE_SIGN_STYLE = Automatic;
				INFOPLIST_FILE = "Just Code/Info.plist";
				LD_RUNPATH_SEARCH_PATHS = (
					"$(inherited)",
					"@executable_path/Frameworks",
				);
				PRODUCT_BUNDLE_IDENTIFIER = "code.fun.Just-Code";
				PRODUCT_NAME = "$(TARGET_NAME)";
				SWIFT_VERSION = 5.0;
				TARGETED_DEVICE_FAMILY = "1,2";
			};
			name = Debug;
		};
		A4643708244043EF00B025CF /* Release */ = {
			isa = XCBuildConfiguration;
			buildSettings = {
				ASSETCATALOG_COMPILER_APPICON_NAME = AppIcon;
				CODE_SIGN_STYLE = Automatic;
				INFOPLIST_FILE = "Just Code/Info.plist";
				LD_RUNPATH_SEARCH_PATHS = (
					"$(inherited)",
					"@executable_path/Frameworks",
				);
				PRODUCT_BUNDLE_IDENTIFIER = "code.fun.Just-Code";
				PRODUCT_NAME = "$(TARGET_NAME)";
				SWIFT_VERSION = 5.0;
				TARGETED_DEVICE_FAMILY = "1,2";
			};
			name = Release;
		};
/* End XCBuildConfiguration section */

/* Begin XCConfigurationList section */
		A46436E9244043EE00B025CF /* Build configuration list for PBXProject "Just Code" */ = {
			isa = XCConfigurationList;
			buildConfigurations = (
				A4643704244043EF00B025CF /* Debug */,
				A4643705244043EF00B025CF /* Release */,
			);
			defaultConfigurationIsVisible = 0;
			defaultConfigurationName = Release;
		};
		A4643706244043EF00B025CF /* Build configuration list for PBXNativeTarget "Just Code" */ = {
			isa = XCConfigurationList;
			buildConfigurations = (
				A4643707244043EF00B025CF /* Debug */,
				A4643708244043EF00B025CF /* Release */,
			);
			defaultConfigurationIsVisible = 0;
			defaultConfigurationName = Release;
		};
/* End XCConfigurationList section */
	};
	rootObject = A46436E6244043EE00B025CF /* Project object */;
}
